
Microsoft Visual Studio Solution File, Format Version 12.00
# Visual Studio Version 16
VisualStudioVersion = 16.0.29215.179
MinimumVisualStudioVersion = 10.0.40219.1
Project("{9A19103F-16F7-4668-BE54-9A1E7A4F7556}") = "WebIO", "WebIO\WebIO.csproj", "{577CC2CF-5365-4733-9455-D06FC94E0531}"
EndProject
Project("{FAE04EC0-301F-11D3-BF4B-00C04F79EFBC}") = "WebIO.Tests", "WebIO.Tests\WebIO.Tests.csproj", "{D9662F93-430F-4979-B3DB-3B95D878ECB3}"
EndProject
Project("{FAE04EC0-301F-11D3-BF4B-00C04F79EFBC}") = "WebIO.Cli", "WebIO.Cli\WebIO.Cli.csproj", "{9BC10D1D-58C9-462F-99A9-3AE082D8D896}"
EndProject
Project("{FAE04EC0-301F-11D3-BF4B-00C04F79EFBC}") = "WebIO.Api", "WebIO.Api\WebIO.Api.csproj", "{6A7B16BD-07AD-4A39-BF24-78C026D25CC6}"
EndProject
Project("{FAE04EC0-301F-11D3-BF4B-00C04F79EFBC}") = "WebIO.Elastic", "WebIO.Elastic\WebIO.Elastic.csproj", "{5A19101D-F646-406D-B4F4-70AD1297CF28}"
EndProject
Global
	GlobalSection(SolutionConfigurationPlatforms) = preSolution
		Debug|Any CPU = Debug|Any CPU
		Release|Any CPU = Release|Any CPU
	EndGlobalSection
	GlobalSection(ProjectConfigurationPlatforms) = postSolution
		{577CC2CF-5365-4733-9455-D06FC94E0531}.Debug|Any CPU.ActiveCfg = Debug|Any CPU
		{577CC2CF-5365-4733-9455-D06FC94E0531}.Debug|Any CPU.Build.0 = Debug|Any CPU
		{577CC2CF-5365-4733-9455-D06FC94E0531}.Release|Any CPU.ActiveCfg = Release|Any CPU
		{577CC2CF-5365-4733-9455-D06FC94E0531}.Release|Any CPU.Build.0 = Release|Any CPU
		{D9662F93-430F-4979-B3DB-3B95D878ECB3}.Debug|Any CPU.ActiveCfg = Debug|Any CPU
		{D9662F93-430F-4979-B3DB-3B95D878ECB3}.Debug|Any CPU.Build.0 = Debug|Any CPU
		{D9662F93-430F-4979-B3DB-3B95D878ECB3}.Release|Any CPU.ActiveCfg = Release|Any CPU
		{D9662F93-430F-4979-B3DB-3B95D878ECB3}.Release|Any CPU.Build.0 = Release|Any CPU
		{9BC10D1D-58C9-462F-99A9-3AE082D8D896}.Debug|Any CPU.ActiveCfg = Debug|Any CPU
		{9BC10D1D-58C9-462F-99A9-3AE082D8D896}.Debug|Any CPU.Build.0 = Debug|Any CPU
		{9BC10D1D-58C9-462F-99A9-3AE082D8D896}.Release|Any CPU.ActiveCfg = Release|Any CPU
		{9BC10D1D-58C9-462F-99A9-3AE082D8D896}.Release|Any CPU.Build.0 = Release|Any CPU
		{6A7B16BD-07AD-4A39-BF24-78C026D25CC6}.Debug|Any CPU.ActiveCfg = Debug|Any CPU
		{6A7B16BD-07AD-4A39-BF24-78C026D25CC6}.Debug|Any CPU.Build.0 = Debug|Any CPU
		{6A7B16BD-07AD-4A39-BF24-78C026D25CC6}.Release|Any CPU.ActiveCfg = Release|Any CPU
		{6A7B16BD-07AD-4A39-BF24-78C026D25CC6}.Release|Any CPU.Build.0 = Release|Any CPU
		{5A19101D-F646-406D-B4F4-70AD1297CF28}.Debug|Any CPU.ActiveCfg = Debug|Any CPU
		{5A19101D-F646-406D-B4F4-70AD1297CF28}.Debug|Any CPU.Build.0 = Debug|Any CPU
		{5A19101D-F646-406D-B4F4-70AD1297CF28}.Release|Any CPU.ActiveCfg = Release|Any CPU
		{5A19101D-F646-406D-B4F4-70AD1297CF28}.Release|Any CPU.Build.0 = Release|Any CPU
	EndGlobalSection
	GlobalSection(SolutionProperties) = preSolution
		HideSolutionNode = FALSE
	EndGlobalSection
	GlobalSection(ExtensibilityGlobals) = postSolution
		SolutionGuid = {6155CEF0-A06D-466C-BF9D-0CE132935726}
	EndGlobalSection
EndGlobal
